<?xml version="1.0" encoding="UTF-8"?>
<CodeBlocks_project_file>
	<FileVersion major="1" minor="6"/>
	<Project>
		<Option title="color"/>
		<Option makefile_is_custom="1"/>
		<Option compiler="gcc"/>
		<Option virtualFolders="CMake Files\;CMake Files\src\;CMake Files\src\ColorPlugin\;CMake Files\src\Entity\;CMake Files\src\Parser\;CMake Files\src\Plugin\;CMake Files\src\Scene\;CMake Files\src\Utils\;CMake Files\plugins\;CMake Files\plugins\Camera\;CMake Files\plugins\Light\;CMake Files\plugins\Primitives\;"/>
		<Build>
			<Target title="all">
				<Option working_dir="/home/beafowl/Documents/oop/RAWAWAWAWAWAWAWAWAWAWAWAWAWAWAWAWAWAWAWAWAWAWAWAWAWAWAWAWAWAWAWAWAWAWAWAytracer/src/ColorPlugin"/>
				<Option type="4"/>
				<MakeCommands>
					<Build command="/usr/bin/make -j12 -f &quot;/home/beafowl/Documents/oop/RAWAWAWAWAWAWAWAWAWAWAWAWAWAWAWAWAWAWAWAWAWAWAWAWAWAWAWAWAWAWAWAWAWAWAWAytracer/src/ColorPlugin/Makefile&quot;  VERBOSE=1 all"/>
					<CompileFile command="/usr/bin/make -j12 -f &quot;/home/beafowl/Documents/oop/RAWAWAWAWAWAWAWAWAWAWAWAWAWAWAWAWAWAWAWAWAWAWAWAWAWAWAWAWAWAWAWAWAWAWAWAytracer/src/ColorPlugin/Makefile&quot;  VERBOSE=1 &quot;$file&quot;"/>
					<Clean command="/usr/bin/make -j12 -f &quot;/home/beafowl/Documents/oop/RAWAWAWAWAWAWAWAWAWAWAWAWAWAWAWAWAWAWAWAWAWAWAWAWAWAWAWAWAWAWAWAWAWAWAWAytracer/src/ColorPlugin/Makefile&quot;  VERBOSE=1 clean"/>
					<DistClean command="/usr/bin/make -j12 -f &quot;/home/beafowl/Documents/oop/RAWAWAWAWAWAWAWAWAWAWAWAWAWAWAWAWAWAWAWAWAWAWAWAWAWAWAWAWAWAWAWAWAWAWAWAytracer/src/ColorPlugin/Makefile&quot;  VERBOSE=1 clean"/>
				</MakeCommands>
			</Target>
			<Target title="color">
				<Option output="/home/beafowl/Documents/oop/RAWAWAWAWAWAWAWAWAWAWAWAWAWAWAWAWAWAWAWAWAWAWAWAWAWAWAWAWAWAWAWAWAWAWAWAytracer/plugins/color.so" prefix_auto="0" extension_auto="0"/>
				<Option working_dir="/home/beafowl/Documents/oop/RAWAWAWAWAWAWAWAWAWAWAWAWAWAWAWAWAWAWAWAWAWAWAWAWAWAWAWAWAWAWAWAWAWAWAWAytracer/src/ColorPlugin"/>
				<Option object_output="./"/>
				<Option type="3"/>
				<Option compiler="gcc"/>
				<Compiler>
					<Add directory="/home/beafowl/Documents/oop/RAWAWAWAWAWAWAWAWAWAWAWAWAWAWAWAWAWAWAWAWAWAWAWAWAWAWAWAWAWAWAWAWAWAWAWAytracer/src"/>
					<Add directory="/home/beafowl/Documents/oop/RAWAWAWAWAWAWAWAWAWAWAWAWAWAWAWAWAWAWAWAWAWAWAWAWAWAWAWAWAWAWAWAWAWAWAWAytracer/plugins"/>
					<Add directory="/home/beafowl/Documents/oop/RAWAWAWAWAWAWAWAWAWAWAWAWAWAWAWAWAWAWAWAWAWAWAWAWAWAWAWAWAWAWAWAWAWAWAWAytracer/src/ColorPlugin/../Entity"/>
					<Add directory="/usr/lib/gcc/x86_64-pc-linux-gnu/12.2.1/../../../../include/c++/12.2.1"/>
					<Add directory="/usr/lib/gcc/x86_64-pc-linux-gnu/12.2.1/../../../../include/c++/12.2.1/x86_64-pc-linux-gnu"/>
					<Add directory="/usr/lib/gcc/x86_64-pc-linux-gnu/12.2.1/../../../../include/c++/12.2.1/backward"/>
					<Add directory="/usr/lib/gcc/x86_64-pc-linux-gnu/12.2.1/include"/>
					<Add directory="/usr/local/include"/>
					<Add directory="/usr/lib/gcc/x86_64-pc-linux-gnu/12.2.1/include-fixed"/>
					<Add directory="/usr/include"/>
				</Compiler>
				<MakeCommands>
					<Build command="/usr/bin/make -j12 -f &quot;/home/beafowl/Documents/oop/RAWAWAWAWAWAWAWAWAWAWAWAWAWAWAWAWAWAWAWAWAWAWAWAWAWAWAWAWAWAWAWAWAWAWAWAytracer/src/ColorPlugin/Makefile&quot;  VERBOSE=1 color"/>
					<CompileFile command="/usr/bin/make -j12 -f &quot;/home/beafowl/Documents/oop/RAWAWAWAWAWAWAWAWAWAWAWAWAWAWAWAWAWAWAWAWAWAWAWAWAWAWAWAWAWAWAWAWAWAWAWAytracer/src/ColorPlugin/Makefile&quot;  VERBOSE=1 &quot;$file&quot;"/>
					<Clean command="/usr/bin/make -j12 -f &quot;/home/beafowl/Documents/oop/RAWAWAWAWAWAWAWAWAWAWAWAWAWAWAWAWAWAWAWAWAWAWAWAWAWAWAWAWAWAWAWAWAWAWAWAytracer/src/ColorPlugin/Makefile&quot;  VERBOSE=1 clean"/>
					<DistClean command="/usr/bin/make -j12 -f &quot;/home/beafowl/Documents/oop/RAWAWAWAWAWAWAWAWAWAWAWAWAWAWAWAWAWAWAWAWAWAWAWAWAWAWAWAWAWAWAWAWAWAWAWAytracer/src/ColorPlugin/Makefile&quot;  VERBOSE=1 clean"/>
				</MakeCommands>
			</Target>
			<Target title="color/fast">
				<Option output="/home/beafowl/Documents/oop/RAWAWAWAWAWAWAWAWAWAWAWAWAWAWAWAWAWAWAWAWAWAWAWAWAWAWAWAWAWAWAWAWAWAWAWAytracer/plugins/color.so" prefix_auto="0" extension_auto="0"/>
				<Option working_dir="/home/beafowl/Documents/oop/RAWAWAWAWAWAWAWAWAWAWAWAWAWAWAWAWAWAWAWAWAWAWAWAWAWAWAWAWAWAWAWAWAWAWAWAytracer/src/ColorPlugin"/>
				<Option object_output="./"/>
				<Option type="3"/>
				<Option compiler="gcc"/>
				<Compiler>
					<Add directory="/home/beafowl/Documents/oop/RAWAWAWAWAWAWAWAWAWAWAWAWAWAWAWAWAWAWAWAWAWAWAWAWAWAWAWAWAWAWAWAWAWAWAWAytracer/src"/>
					<Add directory="/home/beafowl/Documents/oop/RAWAWAWAWAWAWAWAWAWAWAWAWAWAWAWAWAWAWAWAWAWAWAWAWAWAWAWAWAWAWAWAWAWAWAWAytracer/plugins"/>
					<Add directory="/home/beafowl/Documents/oop/RAWAWAWAWAWAWAWAWAWAWAWAWAWAWAWAWAWAWAWAWAWAWAWAWAWAWAWAWAWAWAWAWAWAWAWAytracer/src/ColorPlugin/../Entity"/>
					<Add directory="/usr/lib/gcc/x86_64-pc-linux-gnu/12.2.1/../../../../include/c++/12.2.1"/>
					<Add directory="/usr/lib/gcc/x86_64-pc-linux-gnu/12.2.1/../../../../include/c++/12.2.1/x86_64-pc-linux-gnu"/>
					<Add directory="/usr/lib/gcc/x86_64-pc-linux-gnu/12.2.1/../../../../include/c++/12.2.1/backward"/>
					<Add directory="/usr/lib/gcc/x86_64-pc-linux-gnu/12.2.1/include"/>
					<Add directory="/usr/local/include"/>
					<Add directory="/usr/lib/gcc/x86_64-pc-linux-gnu/12.2.1/include-fixed"/>
					<Add directory="/usr/include"/>
				</Compiler>
				<MakeCommands>
					<Build command="/usr/bin/make -j12 -f &quot;/home/beafowl/Documents/oop/RAWAWAWAWAWAWAWAWAWAWAWAWAWAWAWAWAWAWAWAWAWAWAWAWAWAWAWAWAWAWAWAWAWAWAWAytracer/src/ColorPlugin/Makefile&quot;  VERBOSE=1 color/fast"/>
					<CompileFile command="/usr/bin/make -j12 -f &quot;/home/beafowl/Documents/oop/RAWAWAWAWAWAWAWAWAWAWAWAWAWAWAWAWAWAWAWAWAWAWAWAWAWAWAWAWAWAWAWAWAWAWAWAytracer/src/ColorPlugin/Makefile&quot;  VERBOSE=1 &quot;$file&quot;"/>
					<Clean command="/usr/bin/make -j12 -f &quot;/home/beafowl/Documents/oop/RAWAWAWAWAWAWAWAWAWAWAWAWAWAWAWAWAWAWAWAWAWAWAWAWAWAWAWAWAWAWAWAWAWAWAWAytracer/src/ColorPlugin/Makefile&quot;  VERBOSE=1 clean"/>
					<DistClean command="/usr/bin/make -j12 -f &quot;/home/beafowl/Documents/oop/RAWAWAWAWAWAWAWAWAWAWAWAWAWAWAWAWAWAWAWAWAWAWAWAWAWAWAWAWAWAWAWAWAWAWAWAytracer/src/ColorPlugin/Makefile&quot;  VERBOSE=1 clean"/>
				</MakeCommands>
			</Target>
		</Build>
		<Unit filename="/home/beafowl/Documents/oop/RAWAWAWAWAWAWAWAWAWAWAWAWAWAWAWAWAWAWAWAWAWAWAWAWAWAWAWAWAWAWAWAWAWAWAWAytracer/src/ColorPlugin/Api.cpp">
			<Option target="color"/>
		</Unit>
		<Unit filename="/home/beafowl/Documents/oop/RAWAWAWAWAWAWAWAWAWAWAWAWAWAWAWAWAWAWAWAWAWAWAWAWAWAWAWAWAWAWAWAWAWAWAWAytracer/src/ColorPlugin/Color.cpp">
			<Option target="color"/>
		</Unit>
		<Unit filename="/home/beafowl/Documents/oop/RAWAWAWAWAWAWAWAWAWAWAWAWAWAWAWAWAWAWAWAWAWAWAWAWAWAWAWAWAWAWAWAWAWAWAWAytracer/src/ColorPlugin/Color.hpp">
			<Option target="color"/>
		</Unit>
		<Unit filename="/home/beafowl/Documents/oop/RAWAWAWAWAWAWAWAWAWAWAWAWAWAWAWAWAWAWAWAWAWAWAWAWAWAWAWAWAWAWAWAWAWAWAWAytracer/src/Entity/Entity.cpp">
			<Option target="color"/>
		</Unit>
		<Unit filename="/home/beafowl/Documents/oop/RAWAWAWAWAWAWAWAWAWAWAWAWAWAWAWAWAWAWAWAWAWAWAWAWAWAWAWAWAWAWAWAWAWAWAWAytracer/src/Entity/Entity.hpp">
			<Option target="color"/>
		</Unit>
		<Unit filename="/home/beafowl/Documents/oop/RAWAWAWAWAWAWAWAWAWAWAWAWAWAWAWAWAWAWAWAWAWAWAWAWAWAWAWAWAWAWAWAWAWAWAWAytracer/CMakeLists.txt">
			<Option virtualFolder="CMake Files\"/>
		</Unit>
		<Unit filename="/home/beafowl/Documents/oop/RAWAWAWAWAWAWAWAWAWAWAWAWAWAWAWAWAWAWAWAWAWAWAWAWAWAWAWAWAWAWAWAWAWAWAWAytracer/src/CMakeLists.txt">
			<Option virtualFolder="CMake Files\src\"/>
		</Unit>
		<Unit filename="/home/beafowl/Documents/oop/RAWAWAWAWAWAWAWAWAWAWAWAWAWAWAWAWAWAWAWAWAWAWAWAWAWAWAWAWAWAWAWAWAWAWAWAytracer/src/ColorPlugin/CMakeLists.txt">
			<Option virtualFolder="CMake Files\src\ColorPlugin\"/>
		</Unit>
		<Unit filename="/home/beafowl/Documents/oop/RAWAWAWAWAWAWAWAWAWAWAWAWAWAWAWAWAWAWAWAWAWAWAWAWAWAWAWAWAWAWAWAWAWAWAWAytracer/src/Entity/CMakeLists.txt">
			<Option virtualFolder="CMake Files\src\Entity\"/>
		</Unit>
		<Unit filename="/home/beafowl/Documents/oop/RAWAWAWAWAWAWAWAWAWAWAWAWAWAWAWAWAWAWAWAWAWAWAWAWAWAWAWAWAWAWAWAWAWAWAWAytracer/src/Parser/CMakeLists.txt">
			<Option virtualFolder="CMake Files\src\Parser\"/>
		</Unit>
		<Unit filename="/home/beafowl/Documents/oop/RAWAWAWAWAWAWAWAWAWAWAWAWAWAWAWAWAWAWAWAWAWAWAWAWAWAWAWAWAWAWAWAWAWAWAWAytracer/src/Plugin/CMakeLists.txt">
			<Option virtualFolder="CMake Files\src\Plugin\"/>
		</Unit>
		<Unit filename="/home/beafowl/Documents/oop/RAWAWAWAWAWAWAWAWAWAWAWAWAWAWAWAWAWAWAWAWAWAWAWAWAWAWAWAWAWAWAWAWAWAWAWAytracer/src/Scene/CMakeLists.txt">
			<Option virtualFolder="CMake Files\src\Scene\"/>
		</Unit>
		<Unit filename="/home/beafowl/Documents/oop/RAWAWAWAWAWAWAWAWAWAWAWAWAWAWAWAWAWAWAWAWAWAWAWAWAWAWAWAWAWAWAWAWAWAWAWAytracer/src/Utils/CMakeLists.txt">
			<Option virtualFolder="CMake Files\src\Utils\"/>
		</Unit>
		<Unit filename="/home/beafowl/Documents/oop/RAWAWAWAWAWAWAWAWAWAWAWAWAWAWAWAWAWAWAWAWAWAWAWAWAWAWAWAWAWAWAWAWAWAWAWAytracer/plugins/CMakeLists.txt">
			<Option virtualFolder="CMake Files\plugins\"/>
		</Unit>
		<Unit filename="/home/beafowl/Documents/oop/RAWAWAWAWAWAWAWAWAWAWAWAWAWAWAWAWAWAWAWAWAWAWAWAWAWAWAWAWAWAWAWAWAWAWAWAytracer/plugins/Camera/CMakeLists.txt">
			<Option virtualFolder="CMake Files\plugins\Camera\"/>
		</Unit>
		<Unit filename="/home/beafowl/Documents/oop/RAWAWAWAWAWAWAWAWAWAWAWAWAWAWAWAWAWAWAWAWAWAWAWAWAWAWAWAWAWAWAWAWAWAWAWAytracer/plugins/Light/CMakeLists.txt">
			<Option virtualFolder="CMake Files\plugins\Light\"/>
		</Unit>
		<Unit filename="/home/beafowl/Documents/oop/RAWAWAWAWAWAWAWAWAWAWAWAWAWAWAWAWAWAWAWAWAWAWAWAWAWAWAWAWAWAWAWAWAWAWAWAytracer/plugins/Primitives/CMakeLists.txt">
			<Option virtualFolder="CMake Files\plugins\Primitives\"/>
		</Unit>
	</Project>
</CodeBlocks_project_file>
